# This file is automatically @generated by Poetry 1.5.1 and should not be changed by hand.

[[package]]
name = "pydeps"
version = "1.12.12"
description = "Display module dependencies"
optional = false
python-versions = "*"
files = [
    {file = "pydeps-1.12.12-py3-none-any.whl", hash = "sha256:2945e778fb135c1f438e776e95d55cb7b6cd2e6ce2dbb2b9fb1b108546a4ba8a"},
    {file = "pydeps-1.12.12.tar.gz", hash = "sha256:69c2de6c32e8e94bc86991e4ca452629ddee5cea76d28e85bdd7dbab879b2373"},
]

[package.dependencies]
stdlib-list = "*"

[[package]]
name = "stdlib-list"
version = "0.9.0"
description = "A list of Python Standard Libraries (2.7 through 3.9)."
optional = false
python-versions = ">=3.7"
files = [
    {file = "stdlib_list-0.9.0-py3-none-any.whl", hash = "sha256:f79957d59e41930d44afcd81e465f740b9a7a9828707a40e24ab1092b12bd423"},
    {file = "stdlib_list-0.9.0.tar.gz", hash = "sha256:98eb66135976c96b4ee3f4c0ef0552ebb5a9977ce3028433db79f4738b02af26"},
]

[package.extras]
dev = ["build", "stdlib-list[doc,lint,test]"]
doc = ["furo", "sphinx"]
lint = ["black", "mypy", "ruff"]
support = ["sphobjinv"]
test = ["coverage[toml]", "pytest", "pytest-cov"]

[metadata]
lock-version = "2.0"
python-versions = "^3.10"
content-hash = "9eb94c49ca7e9d9f2ba048826692a35422f33b42a9d37b3b812a39c50a4a1dde"
