# This file is automatically @generated by Poetry 1.5.1 and should not be changed by hand.

[[package]]
name = "pydeps"
version = "1.12.12"
description = "Display module dependencies"
optional = false
python-versions = "*"
files = [
    {file = "pydeps-1.12.12-py3-none-any.whl", hash = "sha256:2945e778fb135c1f438e776e95d55cb7b6cd2e6ce2dbb2b9fb1b108546a4ba8a"},
    {file = "pydeps-1.12.12.tar.gz", hash = "sha256:69c2de6c32e8e94bc86991e4ca452629ddee5cea76d28e85bdd7dbab879b2373"},
]

[package.dependencies]
stdlib-list = "*"

[[package]]
name = "stdlib-list"
version = "0.9.0"
description = "A list of Python Standard Libraries (2.7 through 3.9)."
optional = false
python-versions = ">=3.7"
files = [
    {file = "stdlib_list-0.9.0-py3-none-any.whl", hash = "sha256:f79957d59e41930d44afcd81e465f740b9a7a9828707a40e24ab1092b12bd423"},
    {file = "stdlib_list-0.9.0.tar.gz", hash = "sha256:98eb66135976c96b4ee3f4c0ef0552ebb5a9977ce3028433db79f4738b02af26"},
]

[package.extras]
dev = ["build", "stdlib-list[doc,lint,test]"]
doc = ["furo", "sphinx"]
lint = ["black", "mypy", "ruff"]
support = ["sphobjinv"]
test = ["coverage[toml]", "pytest", "pytest-cov"]

[[package]]
name = "tomli"
version = "2.0.1"
description = "A lil' TOML parser"
optional = false
python-versions = ">=3.7"
files = [
    {file = "tomli-2.0.1-py3-none-any.whl", hash = "sha256:939de3e7a6161af0c887ef91b7d41a53e7c5a1ca976325f429cb46ea9bc30ecc"},
    {file = "tomli-2.0.1.tar.gz", hash = "sha256:de526c12914f0c550d15924c62d72abc48d6fe7364aa87328337a31007fe8a4f"},
]

[metadata]
lock-version = "2.0"
python-versions = "^3.10"
content-hash = "71277181c85f1752a994856c502bc2ef419289a09195a09d93017a8429ae34a2"
